
Microsoft Visual Studio Solution File, Format Version 12.00
# Visual Studio 15
VisualStudioVersion = 15.0.26124.0
MinimumVisualStudioVersion = 15.0.26124.0
Project("{FAE04EC0-301F-11D3-BF4B-00C04F79EFBC}") = "AzureFunctions", "AzureFunctions\AzureFunctions.csproj", "{E34893C8-D4F7-4139-B9FA-ADF9271E382F}"
EndProject
Project("{FAE04EC0-301F-11D3-BF4B-00C04F79EFBC}") = "ConsoleInterface", "ConsoleInterface\ConsoleInterface.csproj", "{2CE5B8BC-7CA1-497E-B3A2-61B45FE34E72}"
EndProject
Project("{FAE04EC0-301F-11D3-BF4B-00C04F79EFBC}") = "SlackLib.Tests", "SlackLib.Tests\SlackLib.Tests.csproj", "{2140231E-91B3-4309-87EE-6CA18D701E76}"
EndProject
Project("{FAE04EC0-301F-11D3-BF4B-00C04F79EFBC}") = "CloudLib", "CloudLib\CloudLib.csproj", "{78296720-1672-4A79-BCEF-BB882B31E9C9}"
EndProject
Project("{FAE04EC0-301F-11D3-BF4B-00C04F79EFBC}") = "SlackLib", "SlackLib\SlackLib.csproj", "{204E53BA-C226-4875-B69C-9C0F5274693C}"
EndProject
Project("{FAE04EC0-301F-11D3-BF4B-00C04F79EFBC}") = "AskBotCore", "AskBotCore\AskBotCore.csproj", "{82A0317F-B0FA-4D28-B4D1-F2E7257DEB14}"
EndProject
Project("{FAE04EC0-301F-11D3-BF4B-00C04F79EFBC}") = "AcceptanceTests", "AcceptanceTests\AcceptanceTests.csproj", "{CD72BC34-200E-4AE6-8FF5-13D2253BB97D}"
EndProject
Project("{FAE04EC0-301F-11D3-BF4B-00C04F79EFBC}") = "AskBotCore.Tests", "AskBotCore.Tests\AskBotCore.Tests.csproj", "{941AEB03-1960-4C82-BC4B-B887CF581848}"
EndProject
Global
	GlobalSection(SolutionConfigurationPlatforms) = preSolution
		Debug|Any CPU = Debug|Any CPU
		Debug|x64 = Debug|x64
		Debug|x86 = Debug|x86
		Release|Any CPU = Release|Any CPU
		Release|x64 = Release|x64
		Release|x86 = Release|x86
	EndGlobalSection
	GlobalSection(SolutionProperties) = preSolution
		HideSolutionNode = FALSE
	EndGlobalSection
	GlobalSection(ProjectConfigurationPlatforms) = postSolution
		{E34893C8-D4F7-4139-B9FA-ADF9271E382F}.Debug|Any CPU.ActiveCfg = Debug|Any CPU
		{E34893C8-D4F7-4139-B9FA-ADF9271E382F}.Debug|Any CPU.Build.0 = Debug|Any CPU
		{E34893C8-D4F7-4139-B9FA-ADF9271E382F}.Debug|x64.ActiveCfg = Debug|Any CPU
		{E34893C8-D4F7-4139-B9FA-ADF9271E382F}.Debug|x64.Build.0 = Debug|Any CPU
		{E34893C8-D4F7-4139-B9FA-ADF9271E382F}.Debug|x86.ActiveCfg = Debug|Any CPU
		{E34893C8-D4F7-4139-B9FA-ADF9271E382F}.Debug|x86.Build.0 = Debug|Any CPU
		{E34893C8-D4F7-4139-B9FA-ADF9271E382F}.Release|Any CPU.ActiveCfg = Release|Any CPU
		{E34893C8-D4F7-4139-B9FA-ADF9271E382F}.Release|Any CPU.Build.0 = Release|Any CPU
		{E34893C8-D4F7-4139-B9FA-ADF9271E382F}.Release|x64.ActiveCfg = Release|Any CPU
		{E34893C8-D4F7-4139-B9FA-ADF9271E382F}.Release|x64.Build.0 = Release|Any CPU
		{E34893C8-D4F7-4139-B9FA-ADF9271E382F}.Release|x86.ActiveCfg = Release|Any CPU
		{E34893C8-D4F7-4139-B9FA-ADF9271E382F}.Release|x86.Build.0 = Release|Any CPU
		{2CE5B8BC-7CA1-497E-B3A2-61B45FE34E72}.Debug|Any CPU.ActiveCfg = Debug|Any CPU
		{2CE5B8BC-7CA1-497E-B3A2-61B45FE34E72}.Debug|Any CPU.Build.0 = Debug|Any CPU
		{2CE5B8BC-7CA1-497E-B3A2-61B45FE34E72}.Debug|x64.ActiveCfg = Debug|Any CPU
		{2CE5B8BC-7CA1-497E-B3A2-61B45FE34E72}.Debug|x64.Build.0 = Debug|Any CPU
		{2CE5B8BC-7CA1-497E-B3A2-61B45FE34E72}.Debug|x86.ActiveCfg = Debug|Any CPU
		{2CE5B8BC-7CA1-497E-B3A2-61B45FE34E72}.Debug|x86.Build.0 = Debug|Any CPU
		{2CE5B8BC-7CA1-497E-B3A2-61B45FE34E72}.Release|Any CPU.ActiveCfg = Release|Any CPU
		{2CE5B8BC-7CA1-497E-B3A2-61B45FE34E72}.Release|Any CPU.Build.0 = Release|Any CPU
		{2CE5B8BC-7CA1-497E-B3A2-61B45FE34E72}.Release|x64.ActiveCfg = Release|Any CPU
		{2CE5B8BC-7CA1-497E-B3A2-61B45FE34E72}.Release|x64.Build.0 = Release|Any CPU
		{2CE5B8BC-7CA1-497E-B3A2-61B45FE34E72}.Release|x86.ActiveCfg = Release|Any CPU
		{2CE5B8BC-7CA1-497E-B3A2-61B45FE34E72}.Release|x86.Build.0 = Release|Any CPU
		{2140231E-91B3-4309-87EE-6CA18D701E76}.Debug|Any CPU.ActiveCfg = Debug|Any CPU
		{2140231E-91B3-4309-87EE-6CA18D701E76}.Debug|Any CPU.Build.0 = Debug|Any CPU
		{2140231E-91B3-4309-87EE-6CA18D701E76}.Debug|x64.ActiveCfg = Debug|Any CPU
		{2140231E-91B3-4309-87EE-6CA18D701E76}.Debug|x64.Build.0 = Debug|Any CPU
		{2140231E-91B3-4309-87EE-6CA18D701E76}.Debug|x86.ActiveCfg = Debug|Any CPU
		{2140231E-91B3-4309-87EE-6CA18D701E76}.Debug|x86.Build.0 = Debug|Any CPU
		{2140231E-91B3-4309-87EE-6CA18D701E76}.Release|Any CPU.ActiveCfg = Release|Any CPU
		{2140231E-91B3-4309-87EE-6CA18D701E76}.Release|Any CPU.Build.0 = Release|Any CPU
		{2140231E-91B3-4309-87EE-6CA18D701E76}.Release|x64.ActiveCfg = Release|Any CPU
		{2140231E-91B3-4309-87EE-6CA18D701E76}.Release|x64.Build.0 = Release|Any CPU
		{2140231E-91B3-4309-87EE-6CA18D701E76}.Release|x86.ActiveCfg = Release|Any CPU
		{2140231E-91B3-4309-87EE-6CA18D701E76}.Release|x86.Build.0 = Release|Any CPU
		{78296720-1672-4A79-BCEF-BB882B31E9C9}.Debug|Any CPU.ActiveCfg = Debug|Any CPU
		{78296720-1672-4A79-BCEF-BB882B31E9C9}.Debug|Any CPU.Build.0 = Debug|Any CPU
		{78296720-1672-4A79-BCEF-BB882B31E9C9}.Debug|x64.ActiveCfg = Debug|Any CPU
		{78296720-1672-4A79-BCEF-BB882B31E9C9}.Debug|x64.Build.0 = Debug|Any CPU
		{78296720-1672-4A79-BCEF-BB882B31E9C9}.Debug|x86.ActiveCfg = Debug|Any CPU
		{78296720-1672-4A79-BCEF-BB882B31E9C9}.Debug|x86.Build.0 = Debug|Any CPU
		{78296720-1672-4A79-BCEF-BB882B31E9C9}.Release|Any CPU.ActiveCfg = Release|Any CPU
		{78296720-1672-4A79-BCEF-BB882B31E9C9}.Release|Any CPU.Build.0 = Release|Any CPU
		{78296720-1672-4A79-BCEF-BB882B31E9C9}.Release|x64.ActiveCfg = Release|Any CPU
		{78296720-1672-4A79-BCEF-BB882B31E9C9}.Release|x64.Build.0 = Release|Any CPU
		{78296720-1672-4A79-BCEF-BB882B31E9C9}.Release|x86.ActiveCfg = Release|Any CPU
		{78296720-1672-4A79-BCEF-BB882B31E9C9}.Release|x86.Build.0 = Release|Any CPU
		{204E53BA-C226-4875-B69C-9C0F5274693C}.Debug|Any CPU.ActiveCfg = Debug|Any CPU
		{204E53BA-C226-4875-B69C-9C0F5274693C}.Debug|Any CPU.Build.0 = Debug|Any CPU
		{204E53BA-C226-4875-B69C-9C0F5274693C}.Debug|x64.ActiveCfg = Debug|Any CPU
		{204E53BA-C226-4875-B69C-9C0F5274693C}.Debug|x64.Build.0 = Debug|Any CPU
		{204E53BA-C226-4875-B69C-9C0F5274693C}.Debug|x86.ActiveCfg = Debug|Any CPU
		{204E53BA-C226-4875-B69C-9C0F5274693C}.Debug|x86.Build.0 = Debug|Any CPU
		{204E53BA-C226-4875-B69C-9C0F5274693C}.Release|Any CPU.ActiveCfg = Release|Any CPU
		{204E53BA-C226-4875-B69C-9C0F5274693C}.Release|Any CPU.Build.0 = Release|Any CPU
		{204E53BA-C226-4875-B69C-9C0F5274693C}.Release|x64.ActiveCfg = Release|Any CPU
		{204E53BA-C226-4875-B69C-9C0F5274693C}.Release|x64.Build.0 = Release|Any CPU
		{204E53BA-C226-4875-B69C-9C0F5274693C}.Release|x86.ActiveCfg = Release|Any CPU
		{204E53BA-C226-4875-B69C-9C0F5274693C}.Release|x86.Build.0 = Release|Any CPU
		{82A0317F-B0FA-4D28-B4D1-F2E7257DEB14}.Debug|Any CPU.ActiveCfg = Debug|Any CPU
		{82A0317F-B0FA-4D28-B4D1-F2E7257DEB14}.Debug|Any CPU.Build.0 = Debug|Any CPU
		{82A0317F-B0FA-4D28-B4D1-F2E7257DEB14}.Debug|x64.ActiveCfg = Debug|Any CPU
		{82A0317F-B0FA-4D28-B4D1-F2E7257DEB14}.Debug|x64.Build.0 = Debug|Any CPU
		{82A0317F-B0FA-4D28-B4D1-F2E7257DEB14}.Debug|x86.ActiveCfg = Debug|Any CPU
		{82A0317F-B0FA-4D28-B4D1-F2E7257DEB14}.Debug|x86.Build.0 = Debug|Any CPU
		{82A0317F-B0FA-4D28-B4D1-F2E7257DEB14}.Release|Any CPU.ActiveCfg = Release|Any CPU
		{82A0317F-B0FA-4D28-B4D1-F2E7257DEB14}.Release|Any CPU.Build.0 = Release|Any CPU
		{82A0317F-B0FA-4D28-B4D1-F2E7257DEB14}.Release|x64.ActiveCfg = Release|Any CPU
		{82A0317F-B0FA-4D28-B4D1-F2E7257DEB14}.Release|x64.Build.0 = Release|Any CPU
		{82A0317F-B0FA-4D28-B4D1-F2E7257DEB14}.Release|x86.ActiveCfg = Release|Any CPU
		{82A0317F-B0FA-4D28-B4D1-F2E7257DEB14}.Release|x86.Build.0 = Release|Any CPU
		{CD72BC34-200E-4AE6-8FF5-13D2253BB97D}.Debug|Any CPU.ActiveCfg = Debug|Any CPU
		{CD72BC34-200E-4AE6-8FF5-13D2253BB97D}.Debug|Any CPU.Build.0 = Debug|Any CPU
		{CD72BC34-200E-4AE6-8FF5-13D2253BB97D}.Debug|x64.ActiveCfg = Debug|Any CPU
		{CD72BC34-200E-4AE6-8FF5-13D2253BB97D}.Debug|x64.Build.0 = Debug|Any CPU
		{CD72BC34-200E-4AE6-8FF5-13D2253BB97D}.Debug|x86.ActiveCfg = Debug|Any CPU
		{CD72BC34-200E-4AE6-8FF5-13D2253BB97D}.Debug|x86.Build.0 = Debug|Any CPU
		{CD72BC34-200E-4AE6-8FF5-13D2253BB97D}.Release|Any CPU.ActiveCfg = Release|Any CPU
		{CD72BC34-200E-4AE6-8FF5-13D2253BB97D}.Release|Any CPU.Build.0 = Release|Any CPU
		{CD72BC34-200E-4AE6-8FF5-13D2253BB97D}.Release|x64.ActiveCfg = Release|Any CPU
		{CD72BC34-200E-4AE6-8FF5-13D2253BB97D}.Release|x64.Build.0 = Release|Any CPU
		{CD72BC34-200E-4AE6-8FF5-13D2253BB97D}.Release|x86.ActiveCfg = Release|Any CPU
		{CD72BC34-200E-4AE6-8FF5-13D2253BB97D}.Release|x86.Build.0 = Release|Any CPU
		{941AEB03-1960-4C82-BC4B-B887CF581848}.Debug|Any CPU.ActiveCfg = Debug|Any CPU
		{941AEB03-1960-4C82-BC4B-B887CF581848}.Debug|Any CPU.Build.0 = Debug|Any CPU
		{941AEB03-1960-4C82-BC4B-B887CF581848}.Debug|x64.ActiveCfg = Debug|Any CPU
		{941AEB03-1960-4C82-BC4B-B887CF581848}.Debug|x64.Build.0 = Debug|Any CPU
		{941AEB03-1960-4C82-BC4B-B887CF581848}.Debug|x86.ActiveCfg = Debug|Any CPU
		{941AEB03-1960-4C82-BC4B-B887CF581848}.Debug|x86.Build.0 = Debug|Any CPU
		{941AEB03-1960-4C82-BC4B-B887CF581848}.Release|Any CPU.ActiveCfg = Release|Any CPU
		{941AEB03-1960-4C82-BC4B-B887CF581848}.Release|Any CPU.Build.0 = Release|Any CPU
		{941AEB03-1960-4C82-BC4B-B887CF581848}.Release|x64.ActiveCfg = Release|Any CPU
		{941AEB03-1960-4C82-BC4B-B887CF581848}.Release|x64.Build.0 = Release|Any CPU
		{941AEB03-1960-4C82-BC4B-B887CF581848}.Release|x86.ActiveCfg = Release|Any CPU
		{941AEB03-1960-4C82-BC4B-B887CF581848}.Release|x86.Build.0 = Release|Any CPU
	EndGlobalSection
EndGlobal
